
Microsoft Visual Studio Solution File, Format Version 12.00
# Visual Studio Version 17
VisualStudioVersion = 17.10.35004.147
MinimumVisualStudioVersion = 10.0.40219.1
Project("{9A19103F-16F7-4668-BE54-9A1E7A4F7556}") = "DupMerge", "DupMerge\DupMerge.csproj", "{7B27249D-B1C7-4A7B-84B1-ECFAA77C0A09}"
EndProject
Project("{9A19103F-16F7-4668-BE54-9A1E7A4F7556}") = "DupMerge.Tests", "DupMerge.Tests\DupMerge.Tests.csproj", "{50ECC754-9ABF-46DC-AB11-3913E0E788E3}"
EndProject
Project("{2150E333-8FDC-42A3-9474-1A3956D46DE8}") = "Projektmappenelemente", "Projektmappenelemente", "{9770B687-FA6D-4087-A251-C0B73AEB0431}"
	ProjectSection(SolutionItems) = preProject
		.gitignore = .gitignore
		LICENSE = LICENSE
		README.md = README.md
	EndProjectSection
EndProject
Project("{2150E333-8FDC-42A3-9474-1A3956D46DE8}") = "Agents", "Agents", "{A3894641-8D80-4D90-9080-2C52700AFB0C}"
	ProjectSection(SolutionItems) = preProject
		CRUSH.md = CRUSH.md
	EndProjectSection
EndProject
Global
	GlobalSection(SolutionConfigurationPlatforms) = preSolution
		Debug|Any CPU = Debug|Any CPU
		Release|Any CPU = Release|Any CPU
	EndGlobalSection
	GlobalSection(ProjectConfigurationPlatforms) = postSolution
		{7B27249D-B1C7-4A7B-84B1-ECFAA77C0A09}.Debug|Any CPU.ActiveCfg = Debug|Any CPU
		{7B27249D-B1C7-4A7B-84B1-ECFAA77C0A09}.Debug|Any CPU.Build.0 = Debug|Any CPU
		{7B27249D-B1C7-4A7B-84B1-ECFAA77C0A09}.Release|Any CPU.ActiveCfg = Release|Any CPU
		{7B27249D-B1C7-4A7B-84B1-ECFAA77C0A09}.Release|Any CPU.Build.0 = Release|Any CPU
		{50ECC754-9ABF-46DC-AB11-3913E0E788E3}.Debug|Any CPU.ActiveCfg = Debug|Any CPU
		{50ECC754-9ABF-46DC-AB11-3913E0E788E3}.Debug|Any CPU.Build.0 = Debug|Any CPU
		{50ECC754-9ABF-46DC-AB11-3913E0E788E3}.Release|Any CPU.ActiveCfg = Release|Any CPU
		{50ECC754-9ABF-46DC-AB11-3913E0E788E3}.Release|Any CPU.Build.0 = Release|Any CPU
	EndGlobalSection
	GlobalSection(SolutionProperties) = preSolution
		HideSolutionNode = FALSE
	EndGlobalSection
	GlobalSection(NestedProjects) = preSolution
		{A3894641-8D80-4D90-9080-2C52700AFB0C} = {9770B687-FA6D-4087-A251-C0B73AEB0431}
	EndGlobalSection
	GlobalSection(ExtensibilityGlobals) = postSolution
		SolutionGuid = {0D87FED3-7594-4DA0-8EAD-A041D71B229A}
	EndGlobalSection
EndGlobal
